// !$*UTF8*$!
{
	archiveVersion = 1;
	classes = {
	};
	objectVersion = 56;
	objects = {

/* Begin PBXBuildFile section */
		DC060FB92C6A61B100FA8F6F /* SideMenuSections.swift in Sources */ = {isa = PBXBuildFile; fileRef = DC060FB82C6A61B100FA8F6F /* SideMenuSections.swift */; };
		DC060FBB2C6A627700FA8F6F /* SideMenuSectionsView.swift in Sources */ = {isa = PBXBuildFile; fileRef = DC060FBA2C6A627700FA8F6F /* SideMenuSectionsView.swift */; };
		DC70C6152C66F55F00D88A3B /* DentalSpeakApp.swift in Sources */ = {isa = PBXBuildFile; fileRef = DC70C6142C66F55F00D88A3B /* DentalSpeakApp.swift */; };
		DC70C6172C66F55F00D88A3B /* ContentView.swift in Sources */ = {isa = PBXBuildFile; fileRef = DC70C6162C66F55F00D88A3B /* ContentView.swift */; };
		DC70C6192C66F56100D88A3B /* Assets.xcassets in Resources */ = {isa = PBXBuildFile; fileRef = DC70C6182C66F56100D88A3B /* Assets.xcassets */; };
		DC70C61C2C66F56100D88A3B /* Preview Assets.xcassets in Resources */ = {isa = PBXBuildFile; fileRef = DC70C61B2C66F56100D88A3B /* Preview Assets.xcassets */; };
		DC70C6232C66F8B100D88A3B /* SideMenuView.swift in Sources */ = {isa = PBXBuildFile; fileRef = DC70C6222C66F8B100D88A3B /* SideMenuView.swift */; };
		DC70C6252C66F9A200D88A3B /* SideMenuHeaderView.swift in Sources */ = {isa = PBXBuildFile; fileRef = DC70C6242C66F9A200D88A3B /* SideMenuHeaderView.swift */; };
		DC70C6272C6701DE00D88A3B /* SideMenuRowView.swift in Sources */ = {isa = PBXBuildFile; fileRef = DC70C6262C6701DE00D88A3B /* SideMenuRowView.swift */; };
		DC70C6292C6702B600D88A3B /* SideMenuOptionsModel.swift in Sources */ = {isa = PBXBuildFile; fileRef = DC70C6282C6702B600D88A3B /* SideMenuOptionsModel.swift */; };
		DCCAFA1D2C69B15400160A7F /* PlaybackButton.swift in Sources */ = {isa = PBXBuildFile; fileRef = DCCAFA1C2C69B15300160A7F /* PlaybackButton.swift */; };
		DCEE00B62C6F107200E9C316 /* FeedbackFormView.swift in Sources */ = {isa = PBXBuildFile; fileRef = DCEE00B52C6F107200E9C316 /* FeedbackFormView.swift */; };
		DCF4DA332C67AF7500220E2F /* dentalspanishdata.json in Resources */ = {isa = PBXBuildFile; fileRef = DCF4DA322C67AF7500220E2F /* dentalspanishdata.json */; };
		DCF4DA352C67B07A00220E2F /* Flashcard.swift in Sources */ = {isa = PBXBuildFile; fileRef = DCF4DA342C67B07A00220E2F /* Flashcard.swift */; };
		DCF4DA372C67B09000220E2F /* DeckType.swift in Sources */ = {isa = PBXBuildFile; fileRef = DCF4DA362C67B09000220E2F /* DeckType.swift */; };
		DCF4DA392C67B0A900220E2F /* SpeechSynthesizerManager.swift in Sources */ = {isa = PBXBuildFile; fileRef = DCF4DA382C67B0A900220E2F /* SpeechSynthesizerManager.swift */; };
		DCF4DA3D2C67B13900220E2F /* FlashcardViewModel.swift in Sources */ = {isa = PBXBuildFile; fileRef = DCF4DA3C2C67B13900220E2F /* FlashcardViewModel.swift */; };
		DCF4DA3F2C67B1AB00220E2F /* DraggableCardView.swift in Sources */ = {isa = PBXBuildFile; fileRef = DCF4DA3E2C67B1AB00220E2F /* DraggableCardView.swift */; };
		DCF4DA412C67B1D100220E2F /* FlashcardDecksView.swift in Sources */ = {isa = PBXBuildFile; fileRef = DCF4DA402C67B1D100220E2F /* FlashcardDecksView.swift */; };
		DCF4DA432C67B1F600220E2F /* FlashcardListView.swift in Sources */ = {isa = PBXBuildFile; fileRef = DCF4DA422C67B1F600220E2F /* FlashcardListView.swift */; };
		DCF4DA452C67B20B00220E2F /* FlashcardView.swift in Sources */ = {isa = PBXBuildFile; fileRef = DCF4DA442C67B20B00220E2F /* FlashcardView.swift */; };
		DCF4DA472C67B22300220E2F /* ListItemView.swift in Sources */ = {isa = PBXBuildFile; fileRef = DCF4DA462C67B22300220E2F /* ListItemView.swift */; };
		DCF4DA492C67B24D00220E2F /* TermsListView.swift in Sources */ = {isa = PBXBuildFile; fileRef = DCF4DA482C67B24D00220E2F /* TermsListView.swift */; };
		DCF4DA4B2C67B4C900220E2F /* PhrasesListView.swift in Sources */ = {isa = PBXBuildFile; fileRef = DCF4DA4A2C67B4C900220E2F /* PhrasesListView.swift */; };
/* End PBXBuildFile section */

/* Begin PBXFileReference section */
		DC060FB82C6A61B100FA8F6F /* SideMenuSections.swift */ = {isa = PBXFileReference; lastKnownFileType = sourcecode.swift; name = SideMenuSections.swift; path = DentalSpeak/SideMenuSections.swift; sourceTree = SOURCE_ROOT; };
		DC060FBA2C6A627700FA8F6F /* SideMenuSectionsView.swift */ = {isa = PBXFileReference; lastKnownFileType = sourcecode.swift; path = SideMenuSectionsView.swift; sourceTree = "<group>"; };
		DC70C6112C66F55F00D88A3B /* DentalSpeak.app */ = {isa = PBXFileReference; explicitFileType = wrapper.application; includeInIndex = 0; path = DentalSpeak.app; sourceTree = BUILT_PRODUCTS_DIR; };
		DC70C6142C66F55F00D88A3B /* DentalSpeakApp.swift */ = {isa = PBXFileReference; lastKnownFileType = sourcecode.swift; path = DentalSpeakApp.swift; sourceTree = "<group>"; };
		DC70C6162C66F55F00D88A3B /* ContentView.swift */ = {isa = PBXFileReference; lastKnownFileType = sourcecode.swift; path = ContentView.swift; sourceTree = "<group>"; };
		DC70C6182C66F56100D88A3B /* Assets.xcassets */ = {isa = PBXFileReference; lastKnownFileType = folder.assetcatalog; path = Assets.xcassets; sourceTree = "<group>"; };
		DC70C61B2C66F56100D88A3B /* Preview Assets.xcassets */ = {isa = PBXFileReference; lastKnownFileType = folder.assetcatalog; path = "Preview Assets.xcassets"; sourceTree = "<group>"; };
		DC70C6222C66F8B100D88A3B /* SideMenuView.swift */ = {isa = PBXFileReference; lastKnownFileType = sourcecode.swift; path = SideMenuView.swift; sourceTree = "<group>"; };
		DC70C6242C66F9A200D88A3B /* SideMenuHeaderView.swift */ = {isa = PBXFileReference; lastKnownFileType = sourcecode.swift; path = SideMenuHeaderView.swift; sourceTree = "<group>"; };
		DC70C6262C6701DE00D88A3B /* SideMenuRowView.swift */ = {isa = PBXFileReference; lastKnownFileType = sourcecode.swift; path = SideMenuRowView.swift; sourceTree = "<group>"; };
		DC70C6282C6702B600D88A3B /* SideMenuOptionsModel.swift */ = {isa = PBXFileReference; lastKnownFileType = sourcecode.swift; path = SideMenuOptionsModel.swift; sourceTree = "<group>"; };
		DCCAFA1C2C69B15300160A7F /* PlaybackButton.swift */ = {isa = PBXFileReference; fileEncoding = 4; lastKnownFileType = sourcecode.swift; path = PlaybackButton.swift; sourceTree = "<group>"; };
		DCEE00B52C6F107200E9C316 /* FeedbackFormView.swift */ = {isa = PBXFileReference; lastKnownFileType = sourcecode.swift; path = FeedbackFormView.swift; sourceTree = "<group>"; };
		DCF4DA322C67AF7500220E2F /* dentalspanishdata.json */ = {isa = PBXFileReference; fileEncoding = 4; lastKnownFileType = text.json; path = dentalspanishdata.json; sourceTree = "<group>"; };
		DCF4DA342C67B07A00220E2F /* Flashcard.swift */ = {isa = PBXFileReference; lastKnownFileType = sourcecode.swift; path = Flashcard.swift; sourceTree = "<group>"; };
		DCF4DA362C67B09000220E2F /* DeckType.swift */ = {isa = PBXFileReference; lastKnownFileType = sourcecode.swift; path = DeckType.swift; sourceTree = "<group>"; };
		DCF4DA382C67B0A900220E2F /* SpeechSynthesizerManager.swift */ = {isa = PBXFileReference; lastKnownFileType = sourcecode.swift; path = SpeechSynthesizerManager.swift; sourceTree = "<group>"; };
		DCF4DA3C2C67B13900220E2F /* FlashcardViewModel.swift */ = {isa = PBXFileReference; lastKnownFileType = sourcecode.swift; path = FlashcardViewModel.swift; sourceTree = "<group>"; };
		DCF4DA3E2C67B1AB00220E2F /* DraggableCardView.swift */ = {isa = PBXFileReference; lastKnownFileType = sourcecode.swift; path = DraggableCardView.swift; sourceTree = "<group>"; };
		DCF4DA402C67B1D100220E2F /* FlashcardDecksView.swift */ = {isa = PBXFileReference; lastKnownFileType = sourcecode.swift; path = FlashcardDecksView.swift; sourceTree = "<group>"; };
		DCF4DA422C67B1F600220E2F /* FlashcardListView.swift */ = {isa = PBXFileReference; lastKnownFileType = sourcecode.swift; path = FlashcardListView.swift; sourceTree = "<group>"; };
		DCF4DA442C67B20B00220E2F /* FlashcardView.swift */ = {isa = PBXFileReference; lastKnownFileType = sourcecode.swift; path = FlashcardView.swift; sourceTree = "<group>"; };
		DCF4DA462C67B22300220E2F /* ListItemView.swift */ = {isa = PBXFileReference; lastKnownFileType = sourcecode.swift; path = ListItemView.swift; sourceTree = "<group>"; };
		DCF4DA482C67B24D00220E2F /* TermsListView.swift */ = {isa = PBXFileReference; lastKnownFileType = sourcecode.swift; path = TermsListView.swift; sourceTree = "<group>"; };
		DCF4DA4A2C67B4C900220E2F /* PhrasesListView.swift */ = {isa = PBXFileReference; lastKnownFileType = sourcecode.swift; path = PhrasesListView.swift; sourceTree = "<group>"; };
/* End PBXFileReference section */

/* Begin PBXFrameworksBuildPhase section */
		DC70C60E2C66F55F00D88A3B /* Frameworks */ = {
			isa = PBXFrameworksBuildPhase;
			buildActionMask = 2147483647;
			files = (
			);
			runOnlyForDeploymentPostprocessing = 0;
		};
/* End PBXFrameworksBuildPhase section */

/* Begin PBXGroup section */
		DC060FB32C6A603F00FA8F6F /* SideMenu */ = {
			isa = PBXGroup;
			children = (
				DC060FB42C6A60D000FA8F6F /* Model */,
				DC060FB52C6A60DA00FA8F6F /* View */,
			);
			path = SideMenu;
			sourceTree = "<group>";
		};
		DC060FB42C6A60D000FA8F6F /* Model */ = {
			isa = PBXGroup;
			children = (
				DC70C6282C6702B600D88A3B /* SideMenuOptionsModel.swift */,
				DC060FB82C6A61B100FA8F6F /* SideMenuSections.swift */,
			);
			path = Model;
			sourceTree = "<group>";
		};
		DC060FB52C6A60DA00FA8F6F /* View */ = {
			isa = PBXGroup;
			children = (
				DC060FB62C6A613C00FA8F6F /* Components */,
				DC060FB72C6A615300FA8F6F /* Main */,
			);
			path = View;
			sourceTree = "<group>";
		};
		DC060FB62C6A613C00FA8F6F /* Components */ = {
			isa = PBXGroup;
			children = (
				DC70C6242C66F9A200D88A3B /* SideMenuHeaderView.swift */,
				DC70C6262C6701DE00D88A3B /* SideMenuRowView.swift */,
				DC060FBA2C6A627700FA8F6F /* SideMenuSectionsView.swift */,
			);
			path = Components;
			sourceTree = "<group>";
		};
		DC060FB72C6A615300FA8F6F /* Main */ = {
			isa = PBXGroup;
			children = (
				DC70C6222C66F8B100D88A3B /* SideMenuView.swift */,
			);
			path = Main;
			sourceTree = "<group>";
		};
		DC70C6082C66F55F00D88A3B = {
			isa = PBXGroup;
			children = (
				DC70C6132C66F55F00D88A3B /* DentalSpeak */,
				DC70C6122C66F55F00D88A3B /* Products */,
			);
			sourceTree = "<group>";
		};
		DC70C6122C66F55F00D88A3B /* Products */ = {
			isa = PBXGroup;
			children = (
				DC70C6112C66F55F00D88A3B /* DentalSpeak.app */,
			);
			name = Products;
			sourceTree = "<group>";
		};
		DC70C6132C66F55F00D88A3B /* DentalSpeak */ = {
			isa = PBXGroup;
			children = (
				DC70C6142C66F55F00D88A3B /* DentalSpeakApp.swift */,
				DC70C6162C66F55F00D88A3B /* ContentView.swift */,
				DC7FA50F2C6FE90000E3EAA4 /* Flashcards */,
				DC060FB32C6A603F00FA8F6F /* SideMenu */,
				DCF4DA302C67AEC200220E2F /* Models */,
				DCF4DA312C67AF2D00220E2F /* Resources */,
				DCF4DA2D2C67AE9F00220E2F /* Views */,
				DC70C6182C66F56100D88A3B /* Assets.xcassets */,
				DC70C61A2C66F56100D88A3B /* Preview Content */,
			);
			path = DentalSpeak;
			sourceTree = "<group>";
		};
		DC70C61A2C66F56100D88A3B /* Preview Content */ = {
			isa = PBXGroup;
			children = (
				DC70C61B2C66F56100D88A3B /* Preview Assets.xcassets */,
			);
			path = "Preview Content";
			sourceTree = "<group>";
		};
		DC7FA50F2C6FE90000E3EAA4 /* Flashcards */ = {
			isa = PBXGroup;
			children = (
				DC7FA5122C6FE9EA00E3EAA4 /* Model */,
				DC7FA5102C6FE97900E3EAA4 /* Components */,
				DC7FA5112C6FE99A00E3EAA4 /* View */,
			);
			path = Flashcards;
			sourceTree = "<group>";
		};
		DC7FA5102C6FE97900E3EAA4 /* Components */ = {
			isa = PBXGroup;
			children = (
				DCCAFA1C2C69B15300160A7F /* PlaybackButton.swift */,
				DCF4DA3E2C67B1AB00220E2F /* DraggableCardView.swift */,
			);
			path = Components;
			sourceTree = "<group>";
		};
		DC7FA5112C6FE99A00E3EAA4 /* View */ = {
			isa = PBXGroup;
			children = (
				DCF4DA402C67B1D100220E2F /* FlashcardDecksView.swift */,
				DCF4DA422C67B1F600220E2F /* FlashcardListView.swift */,
				DCF4DA442C67B20B00220E2F /* FlashcardView.swift */,
			);
			path = View;
			sourceTree = "<group>";
		};
		DC7FA5122C6FE9EA00E3EAA4 /* Model */ = {
			isa = PBXGroup;
			children = (
				DCF4DA3C2C67B13900220E2F /* FlashcardViewModel.swift */,
				DCF4DA342C67B07A00220E2F /* Flashcard.swift */,
				DCF4DA362C67B09000220E2F /* DeckType.swift */,
			);
			path = Model;
			sourceTree = "<group>";
		};
		DCF4DA2D2C67AE9F00220E2F /* Views */ = {
			isa = PBXGroup;
			children = (
				DCF4DA462C67B22300220E2F /* ListItemView.swift */,
				DCF4DA482C67B24D00220E2F /* TermsListView.swift */,
				DCF4DA4A2C67B4C900220E2F /* PhrasesListView.swift */,
				DCEE00B52C6F107200E9C316 /* FeedbackFormView.swift */,
			);
			path = Views;
			sourceTree = "<group>";
		};
		DCF4DA302C67AEC200220E2F /* Models */ = {
			isa = PBXGroup;
			children = (
				DCF4DA382C67B0A900220E2F /* SpeechSynthesizerManager.swift */,
			);
			path = Models;
			sourceTree = "<group>";
		};
		DCF4DA312C67AF2D00220E2F /* Resources */ = {
			isa = PBXGroup;
			children = (
				DCF4DA322C67AF7500220E2F /* dentalspanishdata.json */,
			);
			path = Resources;
			sourceTree = "<group>";
		};
/* End PBXGroup section */

/* Begin PBXNativeTarget section */
		DC70C6102C66F55F00D88A3B /* DentalSpeak */ = {
			isa = PBXNativeTarget;
			buildConfigurationList = DC70C61F2C66F56100D88A3B /* Build configuration list for PBXNativeTarget "DentalSpeak" */;
			buildPhases = (
				DC70C60D2C66F55F00D88A3B /* Sources */,
				DC70C60E2C66F55F00D88A3B /* Frameworks */,
				DC70C60F2C66F55F00D88A3B /* Resources */,
			);
			buildRules = (
			);
			dependencies = (
			);
			name = DentalSpeak;
			productName = DentalSpeak;
			productReference = DC70C6112C66F55F00D88A3B /* DentalSpeak.app */;
			productType = "com.apple.product-type.application";
		};
/* End PBXNativeTarget section */

/* Begin PBXProject section */
		DC70C6092C66F55F00D88A3B /* Project object */ = {
			isa = PBXProject;
			attributes = {
				BuildIndependentTargetsInParallel = 1;
				LastSwiftUpdateCheck = 1540;
				LastUpgradeCheck = 1540;
				TargetAttributes = {
					DC70C6102C66F55F00D88A3B = {
						CreatedOnToolsVersion = 15.4;
					};
				};
			};
			buildConfigurationList = DC70C60C2C66F55F00D88A3B /* Build configuration list for PBXProject "DentalSpeak" */;
			compatibilityVersion = "Xcode 14.0";
			developmentRegion = en;
			hasScannedForEncodings = 0;
			knownRegions = (
				en,
				Base,
			);
			mainGroup = DC70C6082C66F55F00D88A3B;
			productRefGroup = DC70C6122C66F55F00D88A3B /* Products */;
			projectDirPath = "";
			projectRoot = "";
			targets = (
				DC70C6102C66F55F00D88A3B /* DentalSpeak */,
			);
		};
/* End PBXProject section */

/* Begin PBXResourcesBuildPhase section */
		DC70C60F2C66F55F00D88A3B /* Resources */ = {
			isa = PBXResourcesBuildPhase;
			buildActionMask = 2147483647;
			files = (
				DC70C61C2C66F56100D88A3B /* Preview Assets.xcassets in Resources */,
				DCF4DA332C67AF7500220E2F /* dentalspanishdata.json in Resources */,
				DC70C6192C66F56100D88A3B /* Assets.xcassets in Resources */,
			);
			runOnlyForDeploymentPostprocessing = 0;
		};
/* End PBXResourcesBuildPhase section */

/* Begin PBXSourcesBuildPhase section */
		DC70C60D2C66F55F00D88A3B /* Sources */ = {
			isa = PBXSourcesBuildPhase;
			buildActionMask = 2147483647;
			files = (
				DCCAFA1D2C69B15400160A7F /* PlaybackButton.swift in Sources */,
				DC70C6232C66F8B100D88A3B /* SideMenuView.swift in Sources */,
				DC060FBB2C6A627700FA8F6F /* SideMenuSectionsView.swift in Sources */,
				DCF4DA452C67B20B00220E2F /* FlashcardView.swift in Sources */,
				DC70C6252C66F9A200D88A3B /* SideMenuHeaderView.swift in Sources */,
				DCF4DA4B2C67B4C900220E2F /* PhrasesListView.swift in Sources */,
				DCF4DA472C67B22300220E2F /* ListItemView.swift in Sources */,
				DCF4DA3D2C67B13900220E2F /* FlashcardViewModel.swift in Sources */,
				DCF4DA3F2C67B1AB00220E2F /* DraggableCardView.swift in Sources */,
				DCF4DA372C67B09000220E2F /* DeckType.swift in Sources */,
				DC70C6292C6702B600D88A3B /* SideMenuOptionsModel.swift in Sources */,
				DCF4DA432C67B1F600220E2F /* FlashcardListView.swift in Sources */,
				DC70C6272C6701DE00D88A3B /* SideMenuRowView.swift in Sources */,
				DC060FB92C6A61B100FA8F6F /* SideMenuSections.swift in Sources */,
				DC70C6172C66F55F00D88A3B /* ContentView.swift in Sources */,
				DCF4DA392C67B0A900220E2F /* SpeechSynthesizerManager.swift in Sources */,
				DC70C6152C66F55F00D88A3B /* DentalSpeakApp.swift in Sources */,
				DCF4DA352C67B07A00220E2F /* Flashcard.swift in Sources */,
				DCEE00B62C6F107200E9C316 /* FeedbackFormView.swift in Sources */,
				DCF4DA492C67B24D00220E2F /* TermsListView.swift in Sources */,
				DCF4DA412C67B1D100220E2F /* FlashcardDecksView.swift in Sources */,
			);
			runOnlyForDeploymentPostprocessing = 0;
		};
/* End PBXSourcesBuildPhase section */

/* Begin XCBuildConfiguration section */
		DC70C61D2C66F56100D88A3B /* Debug */ = {
			isa = XCBuildConfiguration;
			buildSettings = {
				ALWAYS_SEARCH_USER_PATHS = NO;
				ASSETCATALOG_COMPILER_GENERATE_SWIFT_ASSET_SYMBOL_EXTENSIONS = YES;
				CLANG_ANALYZER_NONNULL = YES;
				CLANG_ANALYZER_NUMBER_OBJECT_CONVERSION = YES_AGGRESSIVE;
				CLANG_CXX_LANGUAGE_STANDARD = "gnu++20";
				CLANG_ENABLE_MODULES = YES;
				CLANG_ENABLE_OBJC_ARC = YES;
				CLANG_ENABLE_OBJC_WEAK = YES;
				CLANG_WARN_BLOCK_CAPTURE_AUTORELEASING = YES;
				CLANG_WARN_BOOL_CONVERSION = YES;
				CLANG_WARN_COMMA = YES;
				CLANG_WARN_CONSTANT_CONVERSION = YES;
				CLANG_WARN_DEPRECATED_OBJC_IMPLEMENTATIONS = YES;
				CLANG_WARN_DIRECT_OBJC_ISA_USAGE = YES_ERROR;
				CLANG_WARN_DOCUMENTATION_COMMENTS = YES;
				CLANG_WARN_EMPTY_BODY = YES;
				CLANG_WARN_ENUM_CONVERSION = YES;
				CLANG_WARN_INFINITE_RECURSION = YES;
				CLANG_WARN_INT_CONVERSION = YES;
				CLANG_WARN_NON_LITERAL_NULL_CONVERSION = YES;
				CLANG_WARN_OBJC_IMPLICIT_RETAIN_SELF = YES;
				CLANG_WARN_OBJC_LITERAL_CONVERSION = YES;
				CLANG_WARN_OBJC_ROOT_CLASS = YES_ERROR;
				CLANG_WARN_QUOTED_INCLUDE_IN_FRAMEWORK_HEADER = YES;
				CLANG_WARN_RANGE_LOOP_ANALYSIS = YES;
				CLANG_WARN_STRICT_PROTOTYPES = YES;
				CLANG_WARN_SUSPICIOUS_MOVE = YES;
				CLANG_WARN_UNGUARDED_AVAILABILITY = YES_AGGRESSIVE;
				CLANG_WARN_UNREACHABLE_CODE = YES;
				CLANG_WARN__DUPLICATE_METHOD_MATCH = YES;
				COPY_PHASE_STRIP = NO;
				DEBUG_INFORMATION_FORMAT = dwarf;
				ENABLE_STRICT_OBJC_MSGSEND = YES;
				ENABLE_TESTABILITY = YES;
				ENABLE_USER_SCRIPT_SANDBOXING = YES;
				GCC_C_LANGUAGE_STANDARD = gnu17;
				GCC_DYNAMIC_NO_PIC = NO;
				GCC_NO_COMMON_BLOCKS = YES;
				GCC_OPTIMIZATION_LEVEL = 0;
				GCC_PREPROCESSOR_DEFINITIONS = (
					"DEBUG=1",
					"$(inherited)",
				);
				GCC_WARN_64_TO_32_BIT_CONVERSION = YES;
				GCC_WARN_ABOUT_RETURN_TYPE = YES_ERROR;
				GCC_WARN_UNDECLARED_SELECTOR = YES;
				GCC_WARN_UNINITIALIZED_AUTOS = YES_AGGRESSIVE;
				GCC_WARN_UNUSED_FUNCTION = YES;
				GCC_WARN_UNUSED_VARIABLE = YES;
				IPHONEOS_DEPLOYMENT_TARGET = 17.5;
				LOCALIZATION_PREFERS_STRING_CATALOGS = YES;
				MTL_ENABLE_DEBUG_INFO = INCLUDE_SOURCE;
				MTL_FAST_MATH = YES;
				ONLY_ACTIVE_ARCH = YES;
				SDKROOT = iphoneos;
				SWIFT_ACTIVE_COMPILATION_CONDITIONS = "DEBUG $(inherited)";
				SWIFT_OPTIMIZATION_LEVEL = "-Onone";
			};
			name = Debug;
		};
		DC70C61E2C66F56100D88A3B /* Release */ = {
			isa = XCBuildConfiguration;
			buildSettings = {
				ALWAYS_SEARCH_USER_PATHS = NO;
				ASSETCATALOG_COMPILER_GENERATE_SWIFT_ASSET_SYMBOL_EXTENSIONS = YES;
				CLANG_ANALYZER_NONNULL = YES;
				CLANG_ANALYZER_NUMBER_OBJECT_CONVERSION = YES_AGGRESSIVE;
				CLANG_CXX_LANGUAGE_STANDARD = "gnu++20";
				CLANG_ENABLE_MODULES = YES;
				CLANG_ENABLE_OBJC_ARC = YES;
				CLANG_ENABLE_OBJC_WEAK = YES;
				CLANG_WARN_BLOCK_CAPTURE_AUTORELEASING = YES;
				CLANG_WARN_BOOL_CONVERSION = YES;
				CLANG_WARN_COMMA = YES;
				CLANG_WARN_CONSTANT_CONVERSION = YES;
				CLANG_WARN_DEPRECATED_OBJC_IMPLEMENTATIONS = YES;
				CLANG_WARN_DIRECT_OBJC_ISA_USAGE = YES_ERROR;
				CLANG_WARN_DOCUMENTATION_COMMENTS = YES;
				CLANG_WARN_EMPTY_BODY = YES;
				CLANG_WARN_ENUM_CONVERSION = YES;
				CLANG_WARN_INFINITE_RECURSION = YES;
				CLANG_WARN_INT_CONVERSION = YES;
				CLANG_WARN_NON_LITERAL_NULL_CONVERSION = YES;
				CLANG_WARN_OBJC_IMPLICIT_RETAIN_SELF = YES;
				CLANG_WARN_OBJC_LITERAL_CONVERSION = YES;
				CLANG_WARN_OBJC_ROOT_CLASS = YES_ERROR;
				CLANG_WARN_QUOTED_INCLUDE_IN_FRAMEWORK_HEADER = YES;
				CLANG_WARN_RANGE_LOOP_ANALYSIS = YES;
				CLANG_WARN_STRICT_PROTOTYPES = YES;
				CLANG_WARN_SUSPICIOUS_MOVE = YES;
				CLANG_WARN_UNGUARDED_AVAILABILITY = YES_AGGRESSIVE;
				CLANG_WARN_UNREACHABLE_CODE = YES;
				CLANG_WARN__DUPLICATE_METHOD_MATCH = YES;
				COPY_PHASE_STRIP = NO;
				DEBUG_INFORMATION_FORMAT = "dwarf-with-dsym";
				ENABLE_NS_ASSERTIONS = NO;
				ENABLE_STRICT_OBJC_MSGSEND = YES;
				ENABLE_USER_SCRIPT_SANDBOXING = YES;
				GCC_C_LANGUAGE_STANDARD = gnu17;
				GCC_NO_COMMON_BLOCKS = YES;
				GCC_WARN_64_TO_32_BIT_CONVERSION = YES;
				GCC_WARN_ABOUT_RETURN_TYPE = YES_ERROR;
				GCC_WARN_UNDECLARED_SELECTOR = YES;
				GCC_WARN_UNINITIALIZED_AUTOS = YES_AGGRESSIVE;
				GCC_WARN_UNUSED_FUNCTION = YES;
				GCC_WARN_UNUSED_VARIABLE = YES;
				IPHONEOS_DEPLOYMENT_TARGET = 17.5;
				LOCALIZATION_PREFERS_STRING_CATALOGS = YES;
				MTL_ENABLE_DEBUG_INFO = NO;
				MTL_FAST_MATH = YES;
				SDKROOT = iphoneos;
				SWIFT_COMPILATION_MODE = wholemodule;
				VALIDATE_PRODUCT = YES;
			};
			name = Release;
		};
		DC70C6202C66F56100D88A3B /* Debug */ = {
			isa = XCBuildConfiguration;
			buildSettings = {
				ASSETCATALOG_COMPILER_APPICON_NAME = AppIcon;
				ASSETCATALOG_COMPILER_GLOBAL_ACCENT_COLOR_NAME = AccentColor;
				CODE_SIGN_STYLE = Automatic;
				CURRENT_PROJECT_VERSION = 1;
				DEVELOPMENT_ASSET_PATHS = "\"DentalSpeak/Preview Content\"";
				DEVELOPMENT_TEAM = 63SKRQZ6FX;
				ENABLE_PREVIEWS = YES;
				GENERATE_INFOPLIST_FILE = YES;
				INFOPLIST_KEY_UIApplicationSceneManifest_Generation = YES;
				INFOPLIST_KEY_UIApplicationSupportsIndirectInputEvents = YES;
				INFOPLIST_KEY_UILaunchScreen_Generation = YES;
				INFOPLIST_KEY_UISupportedInterfaceOrientations_iPad = "UIInterfaceOrientationPortrait UIInterfaceOrientationPortraitUpsideDown UIInterfaceOrientationLandscapeLeft UIInterfaceOrientationLandscapeRight";
				INFOPLIST_KEY_UISupportedInterfaceOrientations_iPhone = "UIInterfaceOrientationPortrait UIInterfaceOrientationLandscapeLeft UIInterfaceOrientationLandscapeRight";
				LD_RUNPATH_SEARCH_PATHS = (
					"$(inherited)",
					"@executable_path/Frameworks",
				);
				MARKETING_VERSION = 1.0;
				PRODUCT_BUNDLE_IDENTIFIER = com.JuanArredondo.DentalSpeak;
				PRODUCT_NAME = "$(TARGET_NAME)";
				SWIFT_EMIT_LOC_STRINGS = YES;
				SWIFT_VERSION = 5.0;
				TARGETED_DEVICE_FAMILY = "1,2";
			};
			name = Debug;
		};
		DC70C6212C66F56100D88A3B /* Release */ = {
			isa = XCBuildConfiguration;
			buildSettings = {
				ASSETCATALOG_COMPILER_APPICON_NAME = AppIcon;
				ASSETCATALOG_COMPILER_GLOBAL_ACCENT_COLOR_NAME = AccentColor;
				CODE_SIGN_STYLE = Automatic;
				CURRENT_PROJECT_VERSION = 1;
				DEVELOPMENT_ASSET_PATHS = "\"DentalSpeak/Preview Content\"";
				DEVELOPMENT_TEAM = 63SKRQZ6FX;
				ENABLE_PREVIEWS = YES;
				GENERATE_INFOPLIST_FILE = YES;
				INFOPLIST_KEY_UIApplicationSceneManifest_Generation = YES;
				INFOPLIST_KEY_UIApplicationSupportsIndirectInputEvents = YES;
				INFOPLIST_KEY_UILaunchScreen_Generation = YES;
				INFOPLIST_KEY_UISupportedInterfaceOrientations_iPad = "UIInterfaceOrientationPortrait UIInterfaceOrientationPortraitUpsideDown UIInterfaceOrientationLandscapeLeft UIInterfaceOrientationLandscapeRight";
				INFOPLIST_KEY_UISupportedInterfaceOrientations_iPhone = "UIInterfaceOrientationPortrait UIInterfaceOrientationLandscapeLeft UIInterfaceOrientationLandscapeRight";
				LD_RUNPATH_SEARCH_PATHS = (
					"$(inherited)",
					"@executable_path/Frameworks",
				);
				MARKETING_VERSION = 1.0;
				PRODUCT_BUNDLE_IDENTIFIER = com.JuanArredondo.DentalSpeak;
				PRODUCT_NAME = "$(TARGET_NAME)";
				SWIFT_EMIT_LOC_STRINGS = YES;
				SWIFT_VERSION = 5.0;
				TARGETED_DEVICE_FAMILY = "1,2";
			};
			name = Release;
		};
/* End XCBuildConfiguration section */

/* Begin XCConfigurationList section */
		DC70C60C2C66F55F00D88A3B /* Build configuration list for PBXProject "DentalSpeak" */ = {
			isa = XCConfigurationList;
			buildConfigurations = (
				DC70C61D2C66F56100D88A3B /* Debug */,
				DC70C61E2C66F56100D88A3B /* Release */,
			);
			defaultConfigurationIsVisible = 0;
			defaultConfigurationName = Release;
		};
		DC70C61F2C66F56100D88A3B /* Build configuration list for PBXNativeTarget "DentalSpeak" */ = {
			isa = XCConfigurationList;
			buildConfigurations = (
				DC70C6202C66F56100D88A3B /* Debug */,
				DC70C6212C66F56100D88A3B /* Release */,
			);
			defaultConfigurationIsVisible = 0;
			defaultConfigurationName = Release;
		};
/* End XCConfigurationList section */
	};
	rootObject = DC70C6092C66F55F00D88A3B /* Project object */;
}
